
Microsoft Visual Studio Solution File, Format Version 12.00
# Visual Studio 2013
VisualStudioVersion = 12.0.40629.0
MinimumVisualStudioVersion = 10.0.40219.1
Project("{FAE04EC0-301F-11D3-BF4B-00C04F79EFBC}") = "XGY_WeiXin", "XGY_WeiXin\XGY_WeiXin.csproj", "{AE415C97-D254-45B2-9E3D-87A747F58C2F}"
EndProject
Project("{2150E333-8FDC-42A3-9474-1A3956D46DE8}") = "SenparcWeixin", "SenparcWeixin", "{8F6A2E11-F190-4261-9360-83849761D156}"
EndProject
Project("{FAE04EC0-301F-11D3-BF4B-00C04F79EFBC}") = "Senparc.Weixin", "SenparcWeixin\Senparc.Weixin\Senparc.Weixin.csproj", "{814092CD-9CD0-4FB7-91E8-D147F476F1FB}"
EndProject
Project("{FAE04EC0-301F-11D3-BF4B-00C04F79EFBC}") = "Senparc.Weixin.MP", "SenparcWeixin\Senparc.Weixin.MP\Senparc.Weixin.MP.csproj", "{1D815FBF-451C-4E23-939C-CB80172F445C}"
EndProject
Project("{FAE04EC0-301F-11D3-BF4B-00C04F79EFBC}") = "Senparc.Weixin.MP.MvcExtension", "SenparcWeixin\Senparc.Weixin.MP.MvcExtension\Senparc.Weixin.MP.MvcExtension.csproj", "{EE8630BC-6191-4C40-9061-12C76342562D}"
EndProject
Project("{FAE04EC0-301F-11D3-BF4B-00C04F79EFBC}") = "XGY_Model", "XGY_Model\XGY_Model.csproj", "{6EB5E4E7-CBDA-4161-8BC9-4B493E699D99}"
EndProject
Project("{FAE04EC0-301F-11D3-BF4B-00C04F79EFBC}") = "XGY_Service", "XGY_Service\XGY_Service.csproj", "{75FBCD3E-BA17-4348-B4FD-16548C00F5FF}"
EndProject
Project("{FAE04EC0-301F-11D3-BF4B-00C04F79EFBC}") = "Common_Core", "Common_Core\Common_Core.csproj", "{4ADB7586-8203-45B1-B1C8-D5AD30E5963A}"
EndProject
Global
	GlobalSection(SolutionConfigurationPlatforms) = preSolution
		Debug|Any CPU = Debug|Any CPU
		Debug|x86 = Debug|x86
		Release|Any CPU = Release|Any CPU
		Release|x86 = Release|x86
		Test|Any CPU = Test|Any CPU
		Test|x86 = Test|x86
	EndGlobalSection
	GlobalSection(ProjectConfigurationPlatforms) = postSolution
		{AE415C97-D254-45B2-9E3D-87A747F58C2F}.Debug|Any CPU.ActiveCfg = Debug|Any CPU
		{AE415C97-D254-45B2-9E3D-87A747F58C2F}.Debug|Any CPU.Build.0 = Debug|Any CPU
		{AE415C97-D254-45B2-9E3D-87A747F58C2F}.Debug|x86.ActiveCfg = Debug|Any CPU
		{AE415C97-D254-45B2-9E3D-87A747F58C2F}.Release|Any CPU.ActiveCfg = Release|Any CPU
		{AE415C97-D254-45B2-9E3D-87A747F58C2F}.Release|Any CPU.Build.0 = Release|Any CPU
		{AE415C97-D254-45B2-9E3D-87A747F58C2F}.Release|x86.ActiveCfg = Release|Any CPU
		{AE415C97-D254-45B2-9E3D-87A747F58C2F}.Test|Any CPU.ActiveCfg = Release|Any CPU
		{AE415C97-D254-45B2-9E3D-87A747F58C2F}.Test|Any CPU.Build.0 = Release|Any CPU
		{AE415C97-D254-45B2-9E3D-87A747F58C2F}.Test|x86.ActiveCfg = Release|Any CPU
		{814092CD-9CD0-4FB7-91E8-D147F476F1FB}.Debug|Any CPU.ActiveCfg = Debug|Any CPU
		{814092CD-9CD0-4FB7-91E8-D147F476F1FB}.Debug|Any CPU.Build.0 = Debug|Any CPU
		{814092CD-9CD0-4FB7-91E8-D147F476F1FB}.Debug|x86.ActiveCfg = Debug|x86
		{814092CD-9CD0-4FB7-91E8-D147F476F1FB}.Debug|x86.Build.0 = Debug|x86
		{814092CD-9CD0-4FB7-91E8-D147F476F1FB}.Release|Any CPU.ActiveCfg = Release|Any CPU
		{814092CD-9CD0-4FB7-91E8-D147F476F1FB}.Release|Any CPU.Build.0 = Release|Any CPU
		{814092CD-9CD0-4FB7-91E8-D147F476F1FB}.Release|x86.ActiveCfg = Release|x86
		{814092CD-9CD0-4FB7-91E8-D147F476F1FB}.Release|x86.Build.0 = Release|x86
		{814092CD-9CD0-4FB7-91E8-D147F476F1FB}.Test|Any CPU.ActiveCfg = Release|Any CPU
		{814092CD-9CD0-4FB7-91E8-D147F476F1FB}.Test|Any CPU.Build.0 = Release|Any CPU
		{814092CD-9CD0-4FB7-91E8-D147F476F1FB}.Test|x86.ActiveCfg = Release|x86
		{814092CD-9CD0-4FB7-91E8-D147F476F1FB}.Test|x86.Build.0 = Release|x86
		{1D815FBF-451C-4E23-939C-CB80172F445C}.Debug|Any CPU.ActiveCfg = Debug|Any CPU
		{1D815FBF-451C-4E23-939C-CB80172F445C}.Debug|Any CPU.Build.0 = Debug|Any CPU
		{1D815FBF-451C-4E23-939C-CB80172F445C}.Debug|x86.ActiveCfg = Debug|x86
		{1D815FBF-451C-4E23-939C-CB80172F445C}.Debug|x86.Build.0 = Debug|x86
		{1D815FBF-451C-4E23-939C-CB80172F445C}.Release|Any CPU.ActiveCfg = Release|Any CPU
		{1D815FBF-451C-4E23-939C-CB80172F445C}.Release|Any CPU.Build.0 = Release|Any CPU
		{1D815FBF-451C-4E23-939C-CB80172F445C}.Release|x86.ActiveCfg = Release|x86
		{1D815FBF-451C-4E23-939C-CB80172F445C}.Release|x86.Build.0 = Release|x86
		{1D815FBF-451C-4E23-939C-CB80172F445C}.Test|Any CPU.ActiveCfg = Test|Any CPU
		{1D815FBF-451C-4E23-939C-CB80172F445C}.Test|Any CPU.Build.0 = Test|Any CPU
		{1D815FBF-451C-4E23-939C-CB80172F445C}.Test|x86.ActiveCfg = Test|x86
		{1D815FBF-451C-4E23-939C-CB80172F445C}.Test|x86.Build.0 = Test|x86
		{EE8630BC-6191-4C40-9061-12C76342562D}.Debug|Any CPU.ActiveCfg = Debug|Any CPU
		{EE8630BC-6191-4C40-9061-12C76342562D}.Debug|Any CPU.Build.0 = Debug|Any CPU
		{EE8630BC-6191-4C40-9061-12C76342562D}.Debug|x86.ActiveCfg = Debug|x86
		{EE8630BC-6191-4C40-9061-12C76342562D}.Debug|x86.Build.0 = Debug|x86
		{EE8630BC-6191-4C40-9061-12C76342562D}.Release|Any CPU.ActiveCfg = Release|Any CPU
		{EE8630BC-6191-4C40-9061-12C76342562D}.Release|Any CPU.Build.0 = Release|Any CPU
		{EE8630BC-6191-4C40-9061-12C76342562D}.Release|x86.ActiveCfg = Release|x86
		{EE8630BC-6191-4C40-9061-12C76342562D}.Release|x86.Build.0 = Release|x86
		{EE8630BC-6191-4C40-9061-12C76342562D}.Test|Any CPU.ActiveCfg = Release|Any CPU
		{EE8630BC-6191-4C40-9061-12C76342562D}.Test|Any CPU.Build.0 = Release|Any CPU
		{EE8630BC-6191-4C40-9061-12C76342562D}.Test|x86.ActiveCfg = Release|x86
		{EE8630BC-6191-4C40-9061-12C76342562D}.Test|x86.Build.0 = Release|x86
		{6EB5E4E7-CBDA-4161-8BC9-4B493E699D99}.Debug|Any CPU.ActiveCfg = Debug|Any CPU
		{6EB5E4E7-CBDA-4161-8BC9-4B493E699D99}.Debug|Any CPU.Build.0 = Debug|Any CPU
		{6EB5E4E7-CBDA-4161-8BC9-4B493E699D99}.Debug|x86.ActiveCfg = Debug|Any CPU
		{6EB5E4E7-CBDA-4161-8BC9-4B493E699D99}.Release|Any CPU.ActiveCfg = Release|Any CPU
		{6EB5E4E7-CBDA-4161-8BC9-4B493E699D99}.Release|Any CPU.Build.0 = Release|Any CPU
		{6EB5E4E7-CBDA-4161-8BC9-4B493E699D99}.Release|x86.ActiveCfg = Release|Any CPU
		{6EB5E4E7-CBDA-4161-8BC9-4B493E699D99}.Test|Any CPU.ActiveCfg = Release|Any CPU
		{6EB5E4E7-CBDA-4161-8BC9-4B493E699D99}.Test|Any CPU.Build.0 = Release|Any CPU
		{6EB5E4E7-CBDA-4161-8BC9-4B493E699D99}.Test|x86.ActiveCfg = Release|Any CPU
		{75FBCD3E-BA17-4348-B4FD-16548C00F5FF}.Debug|Any CPU.ActiveCfg = Debug|Any CPU
		{75FBCD3E-BA17-4348-B4FD-16548C00F5FF}.Debug|Any CPU.Build.0 = Debug|Any CPU
		{75FBCD3E-BA17-4348-B4FD-16548C00F5FF}.Debug|x86.ActiveCfg = Debug|Any CPU
		{75FBCD3E-BA17-4348-B4FD-16548C00F5FF}.Release|Any CPU.ActiveCfg = Release|Any CPU
		{75FBCD3E-BA17-4348-B4FD-16548C00F5FF}.Release|Any CPU.Build.0 = Release|Any CPU
		{75FBCD3E-BA17-4348-B4FD-16548C00F5FF}.Release|x86.ActiveCfg = Release|Any CPU
		{75FBCD3E-BA17-4348-B4FD-16548C00F5FF}.Test|Any CPU.ActiveCfg = Release|Any CPU
		{75FBCD3E-BA17-4348-B4FD-16548C00F5FF}.Test|Any CPU.Build.0 = Release|Any CPU
		{75FBCD3E-BA17-4348-B4FD-16548C00F5FF}.Test|x86.ActiveCfg = Release|Any CPU
		{4ADB7586-8203-45B1-B1C8-D5AD30E5963A}.Debug|Any CPU.ActiveCfg = Debug|Any CPU
		{4ADB7586-8203-45B1-B1C8-D5AD30E5963A}.Debug|Any CPU.Build.0 = Debug|Any CPU
		{4ADB7586-8203-45B1-B1C8-D5AD30E5963A}.Debug|x86.ActiveCfg = Debug|Any CPU
		{4ADB7586-8203-45B1-B1C8-D5AD30E5963A}.Release|Any CPU.ActiveCfg = Release|Any CPU
		{4ADB7586-8203-45B1-B1C8-D5AD30E5963A}.Release|Any CPU.Build.0 = Release|Any CPU
		{4ADB7586-8203-45B1-B1C8-D5AD30E5963A}.Release|x86.ActiveCfg = Release|Any CPU
		{4ADB7586-8203-45B1-B1C8-D5AD30E5963A}.Test|Any CPU.ActiveCfg = Release|Any CPU
		{4ADB7586-8203-45B1-B1C8-D5AD30E5963A}.Test|Any CPU.Build.0 = Release|Any CPU
		{4ADB7586-8203-45B1-B1C8-D5AD30E5963A}.Test|x86.ActiveCfg = Release|Any CPU
	EndGlobalSection
	GlobalSection(SolutionProperties) = preSolution
		HideSolutionNode = FALSE
	EndGlobalSection
	GlobalSection(NestedProjects) = preSolution
		{814092CD-9CD0-4FB7-91E8-D147F476F1FB} = {8F6A2E11-F190-4261-9360-83849761D156}
		{1D815FBF-451C-4E23-939C-CB80172F445C} = {8F6A2E11-F190-4261-9360-83849761D156}
		{EE8630BC-6191-4C40-9061-12C76342562D} = {8F6A2E11-F190-4261-9360-83849761D156}
	EndGlobalSection
EndGlobal
